
Microsoft Visual Studio Solution File, Format Version 12.00
# Visual Studio 15
VisualStudioVersion = 15.0.27428.2037
MinimumVisualStudioVersion = 10.0.40219.1
Project("{8BC9CEB8-8B4A-11D0-8D11-00A0C91BC942}") = "MyApp", "src\MyApp.vcxproj", "{04544E66-3AED-4EF9-9442-94EDC2E5D242}"
	ProjectSection(ProjectDependencies) = postProject
		{C5DB3B21-EA8E-408F-B35C-F6DE02F0CA9A} = {C5DB3B21-EA8E-408F-B35C-F6DE02F0CA9A}
	EndProjectSection
EndProject
Project("{8BC9CEB8-8B4A-11D0-8D11-00A0C91BC942}") = "CppLibStatic", "..\CppLib\project\CppLibStatic\CppLibStatic.vcxproj", "{C5DB3B21-EA8E-408F-B35C-F6DE02F0CA9A}"
EndProject
Global
	GlobalSection(SolutionConfigurationPlatforms) = preSolution
		Debug|x64 = Debug|x64
		Debug|x86 = Debug|x86
		Release|x64 = Release|x64
		Release|x86 = Release|x86
	EndGlobalSection
	GlobalSection(ProjectConfigurationPlatforms) = postSolution
		{04544E66-3AED-4EF9-9442-94EDC2E5D242}.Debug|x64.ActiveCfg = Debug|x64
		{04544E66-3AED-4EF9-9442-94EDC2E5D242}.Debug|x64.Build.0 = Debug|x64
		{04544E66-3AED-4EF9-9442-94EDC2E5D242}.Debug|x86.ActiveCfg = Debug|Win32
		{04544E66-3AED-4EF9-9442-94EDC2E5D242}.Debug|x86.Build.0 = Debug|Win32
		{04544E66-3AED-4EF9-9442-94EDC2E5D242}.Release|x64.ActiveCfg = Release|x64
		{04544E66-3AED-4EF9-9442-94EDC2E5D242}.Release|x64.Build.0 = Release|x64
		{04544E66-3AED-4EF9-9442-94EDC2E5D242}.Release|x86.ActiveCfg = Release|Win32
		{04544E66-3AED-4EF9-9442-94EDC2E5D242}.Release|x86.Build.0 = Release|Win32
		{C5DB3B21-EA8E-408F-B35C-F6DE02F0CA9A}.Debug|x64.ActiveCfg = Debug|x64
		{C5DB3B21-EA8E-408F-B35C-F6DE02F0CA9A}.Debug|x64.Build.0 = Debug|x64
		{C5DB3B21-EA8E-408F-B35C-F6DE02F0CA9A}.Debug|x86.ActiveCfg = Debug|Win32
		{C5DB3B21-EA8E-408F-B35C-F6DE02F0CA9A}.Debug|x86.Build.0 = Debug|Win32
		{C5DB3B21-EA8E-408F-B35C-F6DE02F0CA9A}.Release|x64.ActiveCfg = Release|x64
		{C5DB3B21-EA8E-408F-B35C-F6DE02F0CA9A}.Release|x64.Build.0 = Release|x64
		{C5DB3B21-EA8E-408F-B35C-F6DE02F0CA9A}.Release|x86.ActiveCfg = Release|Win32
		{C5DB3B21-EA8E-408F-B35C-F6DE02F0CA9A}.Release|x86.Build.0 = Release|Win32
	EndGlobalSection
	GlobalSection(SolutionProperties) = preSolution
		HideSolutionNode = FALSE
	EndGlobalSection
	GlobalSection(ExtensibilityGlobals) = postSolution
		SolutionGuid = {E4A549FA-F9C2-4A84-BC41-85D62E82CDC5}
	EndGlobalSection
EndGlobal
