<?xml version="1.0" encoding="utf-8"?>
<Project ToolsVersion="4.0" xmlns="http://schemas.microsoft.com/developer/msbuild/2003">
  <ItemGroup>
    <Filter Include="Resource">
      <UniqueIdentifier>{f449f7a4-40bb-443b-b68a-226cd10d31dd}</UniqueIdentifier>
    </Filter>
    <Filter Include="etc">
      <UniqueIdentifier>{7e4ef860-2df0-43c3-afe1-54e02ba27771}</UniqueIdentifier>
    </Filter>
    <Filter Include="Application">
      <UniqueIdentifier>{fcbded1c-6122-48ce-bb64-82da4aabd755}</UniqueIdentifier>
    </Filter>
    <Filter Include="Dialog">
      <UniqueIdentifier>{4253068f-9b19-4300-b3fc-d9df984bb214}</UniqueIdentifier>
    </Filter>
  </ItemGroup>
  <ItemGroup>
    <ClInclude Include="MyApp.h">
      <Filter>Application</Filter>
    </ClInclude>
    <ClInclude Include="MyAppDlg.h">
      <Filter>Dialog</Filter>
    </ClInclude>
    <ClInclude Include="stdafx.h">
      <Filter>etc</Filter>
    </ClInclude>
    <ClInclude Include="targetver.h">
      <Filter>etc</Filter>
    </ClInclude>
    <ClInclude Include="Resource.h">
      <Filter>Resource</Filter>
    </ClInclude>
  </ItemGroup>
  <ItemGroup>
    <ClCompile Include="MyApp.cpp">
      <Filter>Application</Filter>
    </ClCompile>
    <ClCompile Include="MyAppDlg.cpp">
      <Filter>Dialog</Filter>
    </ClCompile>
    <ClCompile Include="stdafx.cpp">
      <Filter>etc</Filter>
    </ClCompile>
  </ItemGroup>
  <ItemGroup>
    <Image Include="res\MyApp.ico">
      <Filter>Resource</Filter>
    </Image>
  </ItemGroup>
  <ItemGroup>
    <ResourceCompile Include="MyApp.rc">
      <Filter>Resource</Filter>
    </ResourceCompile>
  </ItemGroup>
  <ItemGroup>
    <None Include="res\MyApp.rc2">
      <Filter>Resource</Filter>
    </None>
  </ItemGroup>
</Project>